
Microsoft Visual Studio Solution File, Format Version 12.00
# Visual Studio Version 16
VisualStudioVersion = 25.0.1703.8
MinimumVisualStudioVersion = 10.0.40219.1
Project("{FAE04EC0-301F-11D3-BF4B-00C04F79EFBC}") = "ArchiLibrary", "ArchiLibrary.csproj", "{EE1CF478-B5E2-45DC-BDE2-077D011A59BC}"
EndProject
Global
	GlobalSection(SolutionConfigurationPlatforms) = preSolution
		Debug|Any CPU = Debug|Any CPU
		Release|Any CPU = Release|Any CPU
	EndGlobalSection
	GlobalSection(ProjectConfigurationPlatforms) = postSolution
		{EE1CF478-B5E2-45DC-BDE2-077D011A59BC}.Debug|Any CPU.ActiveCfg = Debug|Any CPU
		{EE1CF478-B5E2-45DC-BDE2-077D011A59BC}.Debug|Any CPU.Build.0 = Debug|Any CPU
		{EE1CF478-B5E2-45DC-BDE2-077D011A59BC}.Release|Any CPU.ActiveCfg = Release|Any CPU
		{EE1CF478-B5E2-45DC-BDE2-077D011A59BC}.Release|Any CPU.Build.0 = Release|Any CPU
	EndGlobalSection
	GlobalSection(SolutionProperties) = preSolution
		HideSolutionNode = FALSE
	EndGlobalSection
	GlobalSection(ExtensibilityGlobals) = postSolution
		SolutionGuid = {E6B25BEB-3A95-414C-835E-6273F626A722}
	EndGlobalSection
EndGlobal
